// !$*UTF8*$!
{
	archiveVersion = 1;
	classes = {
	};
	objectVersion = 77;
	objects = {

/* Begin PBXContainerItemProxy section */
		AB4DF13C2C9FAE07009F3F0C /* PBXContainerItemProxy */ = {
			isa = PBXContainerItemProxy;
			containerPortal = AB4DF1212C9FAE05009F3F0C /* Project object */;
			proxyType = 1;
			remoteGlobalIDString = AB4DF1282C9FAE05009F3F0C;
			remoteInfo = LifeiOS;
		};
		AB4DF1462C9FAE07009F3F0C /* PBXContainerItemProxy */ = {
			isa = PBXContainerItemProxy;
			containerPortal = AB4DF1212C9FAE05009F3F0C /* Project object */;
			proxyType = 1;
			remoteGlobalIDString = AB4DF1282C9FAE05009F3F0C;
			remoteInfo = LifeiOS;
		};
/* End PBXContainerItemProxy section */

/* Begin PBXFileReference section */
		AB4DF1292C9FAE05009F3F0C /* LifeiOS.app */ = {isa = PBXFileReference; explicitFileType = wrapper.application; includeInIndex = 0; path = LifeiOS.app; sourceTree = BUILT_PRODUCTS_DIR; };
		AB4DF13B2C9FAE07009F3F0C /* LifeiOSTests.xctest */ = {isa = PBXFileReference; explicitFileType = wrapper.cfbundle; includeInIndex = 0; path = LifeiOSTests.xctest; sourceTree = BUILT_PRODUCTS_DIR; };
		AB4DF1452C9FAE07009F3F0C /* LifeiOSUITests.xctest */ = {isa = PBXFileReference; explicitFileType = wrapper.cfbundle; includeInIndex = 0; path = LifeiOSUITests.xctest; sourceTree = BUILT_PRODUCTS_DIR; };
/* End PBXFileReference section */

/* Begin PBXFileSystemSynchronizedRootGroup section */
		AB4DF12B2C9FAE05009F3F0C /* LifeiOS */ = {
			isa = PBXFileSystemSynchronizedRootGroup;
			path = LifeiOS;
			sourceTree = "<group>";
		};
		AB4DF13E2C9FAE07009F3F0C /* LifeiOSTests */ = {
			isa = PBXFileSystemSynchronizedRootGroup;
			path = LifeiOSTests;
			sourceTree = "<group>";
		};
		AB4DF1482C9FAE07009F3F0C /* LifeiOSUITests */ = {
			isa = PBXFileSystemSynchronizedRootGroup;
			path = LifeiOSUITests;
			sourceTree = "<group>";
		};
/* End PBXFileSystemSynchronizedRootGroup section */

/* Begin PBXFrameworksBuildPhase section */
		AB4DF1262C9FAE05009F3F0C /* Frameworks */ = {
			isa = PBXFrameworksBuildPhase;
			buildActionMask = 2147483647;
			files = (
			);
			runOnlyForDeploymentPostprocessing = 0;
		};
		AB4DF1382C9FAE07009F3F0C /* Frameworks */ = {
			isa = PBXFrameworksBuildPhase;
			buildActionMask = 2147483647;
			files = (
			);
			runOnlyForDeploymentPostprocessing = 0;
		};
		AB4DF1422C9FAE07009F3F0C /* Frameworks */ = {
			isa = PBXFrameworksBuildPhase;
			buildActionMask = 2147483647;
			files = (
			);
			runOnlyForDeploymentPostprocessing = 0;
		};
/* End PBXFrameworksBuildPhase section */

/* Begin PBXGroup section */
		AB4DF1202C9FAE05009F3F0C = {
			isa = PBXGroup;
			children = (
				AB4DF12B2C9FAE05009F3F0C /* LifeiOS */,
				AB4DF13E2C9FAE07009F3F0C /* LifeiOSTests */,
				AB4DF1482C9FAE07009F3F0C /* LifeiOSUITests */,
				AB4DF12A2C9FAE05009F3F0C /* Products */,
			);
			sourceTree = "<group>";
		};
		AB4DF12A2C9FAE05009F3F0C /* Products */ = {
			isa = PBXGroup;
			children = (
				AB4DF1292C9FAE05009F3F0C /* LifeiOS.app */,
				AB4DF13B2C9FAE07009F3F0C /* LifeiOSTests.xctest */,
				AB4DF1452C9FAE07009F3F0C /* LifeiOSUITests.xctest */,
			);
			name = Products;
			sourceTree = "<group>";
		};
/* End PBXGroup section */

/* Begin PBXNativeTarget section */
		AB4DF1282C9FAE05009F3F0C /* LifeiOS */ = {
			isa = PBXNativeTarget;
			buildConfigurationList = AB4DF14F2C9FAE07009F3F0C /* Build configuration list for PBXNativeTarget "LifeiOS" */;
			buildPhases = (
				AB4DF1252C9FAE05009F3F0C /* Sources */,
				AB4DF1262C9FAE05009F3F0C /* Frameworks */,
				AB4DF1272C9FAE05009F3F0C /* Resources */,
			);
			buildRules = (
			);
			dependencies = (
			);
			fileSystemSynchronizedGroups = (
				AB4DF12B2C9FAE05009F3F0C /* LifeiOS */,
			);
			name = LifeiOS;
			packageProductDependencies = (
			);
			productName = LifeiOS;
			productReference = AB4DF1292C9FAE05009F3F0C /* LifeiOS.app */;
			productType = "com.apple.product-type.application";
		};
		AB4DF13A2C9FAE07009F3F0C /* LifeiOSTests */ = {
			isa = PBXNativeTarget;
			buildConfigurationList = AB4DF1522C9FAE07009F3F0C /* Build configuration list for PBXNativeTarget "LifeiOSTests" */;
			buildPhases = (
				AB4DF1372C9FAE07009F3F0C /* Sources */,
				AB4DF1382C9FAE07009F3F0C /* Frameworks */,
				AB4DF1392C9FAE07009F3F0C /* Resources */,
			);
			buildRules = (
			);
			dependencies = (
				AB4DF13D2C9FAE07009F3F0C /* PBXTargetDependency */,
			);
			fileSystemSynchronizedGroups = (
				AB4DF13E2C9FAE07009F3F0C /* LifeiOSTests */,
			);
			name = LifeiOSTests;
			packageProductDependencies = (
			);
			productName = LifeiOSTests;
			productReference = AB4DF13B2C9FAE07009F3F0C /* LifeiOSTests.xctest */;
			productType = "com.apple.product-type.bundle.unit-test";
		};
		AB4DF1442C9FAE07009F3F0C /* LifeiOSUITests */ = {
			isa = PBXNativeTarget;
			buildConfigurationList = AB4DF1552C9FAE07009F3F0C /* Build configuration list for PBXNativeTarget "LifeiOSUITests" */;
			buildPhases = (
				AB4DF1412C9FAE07009F3F0C /* Sources */,
				AB4DF1422C9FAE07009F3F0C /* Frameworks */,
				AB4DF1432C9FAE07009F3F0C /* Resources */,
			);
			buildRules = (
			);
			dependencies = (
				AB4DF1472C9FAE07009F3F0C /* PBXTargetDependency */,
			);
			fileSystemSynchronizedGroups = (
				AB4DF1482C9FAE07009F3F0C /* LifeiOSUITests */,
			);
			name = LifeiOSUITests;
			packageProductDependencies = (
			);
			productName = LifeiOSUITests;
			productReference = AB4DF1452C9FAE07009F3F0C /* LifeiOSUITests.xctest */;
			productType = "com.apple.product-type.bundle.ui-testing";
		};
/* End PBXNativeTarget section */

/* Begin PBXProject section */
		AB4DF1212C9FAE05009F3F0C /* Project object */ = {
			isa = PBXProject;
			attributes = {
				BuildIndependentTargetsInParallel = 1;
				LastSwiftUpdateCheck = 1600;
				LastUpgradeCheck = 1600;
				TargetAttributes = {
					AB4DF1282C9FAE05009F3F0C = {
						CreatedOnToolsVersion = 16.0;
					};
					AB4DF13A2C9FAE07009F3F0C = {
						CreatedOnToolsVersion = 16.0;
						TestTargetID = AB4DF1282C9FAE05009F3F0C;
					};
					AB4DF1442C9FAE07009F3F0C = {
						CreatedOnToolsVersion = 16.0;
						TestTargetID = AB4DF1282C9FAE05009F3F0C;
					};
				};
			};
			buildConfigurationList = AB4DF1242C9FAE05009F3F0C /* Build configuration list for PBXProject "LifeiOS" */;
			developmentRegion = en;
			hasScannedForEncodings = 0;
			knownRegions = (
				en,
				Base,
			);
			mainGroup = AB4DF1202C9FAE05009F3F0C;
			minimizedProjectReferenceProxies = 1;
			preferredProjectObjectVersion = 77;
			productRefGroup = AB4DF12A2C9FAE05009F3F0C /* Products */;
			projectDirPath = "";
			projectRoot = "";
			targets = (
				AB4DF1282C9FAE05009F3F0C /* LifeiOS */,
				AB4DF13A2C9FAE07009F3F0C /* LifeiOSTests */,
				AB4DF1442C9FAE07009F3F0C /* LifeiOSUITests */,
			);
		};
/* End PBXProject section */

/* Begin PBXResourcesBuildPhase section */
		AB4DF1272C9FAE05009F3F0C /* Resources */ = {
			isa = PBXResourcesBuildPhase;
			buildActionMask = 2147483647;
			files = (
			);
			runOnlyForDeploymentPostprocessing = 0;
		};
		AB4DF1392C9FAE07009F3F0C /* Resources */ = {
			isa = PBXResourcesBuildPhase;
			buildActionMask = 2147483647;
			files = (
			);
			runOnlyForDeploymentPostprocessing = 0;
		};
		AB4DF1432C9FAE07009F3F0C /* Resources */ = {
			isa = PBXResourcesBuildPhase;
			buildActionMask = 2147483647;
			files = (
			);
			runOnlyForDeploymentPostprocessing = 0;
		};
/* End PBXResourcesBuildPhase section */

/* Begin PBXSourcesBuildPhase section */
		AB4DF1252C9FAE05009F3F0C /* Sources */ = {
			isa = PBXSourcesBuildPhase;
			buildActionMask = 2147483647;
			files = (
			);
			runOnlyForDeploymentPostprocessing = 0;
		};
		AB4DF1372C9FAE07009F3F0C /* Sources */ = {
			isa = PBXSourcesBuildPhase;
			buildActionMask = 2147483647;
			files = (
			);
			runOnlyForDeploymentPostprocessing = 0;
		};
		AB4DF1412C9FAE07009F3F0C /* Sources */ = {
			isa = PBXSourcesBuildPhase;
			buildActionMask = 2147483647;
			files = (
			);
			runOnlyForDeploymentPostprocessing = 0;
		};
/* End PBXSourcesBuildPhase section */

/* Begin PBXTargetDependency section */
		AB4DF13D2C9FAE07009F3F0C /* PBXTargetDependency */ = {
			isa = PBXTargetDependency;
			target = AB4DF1282C9FAE05009F3F0C /* LifeiOS */;
			targetProxy = AB4DF13C2C9FAE07009F3F0C /* PBXContainerItemProxy */;
		};
		AB4DF1472C9FAE07009F3F0C /* PBXTargetDependency */ = {
			isa = PBXTargetDependency;
			target = AB4DF1282C9FAE05009F3F0C /* LifeiOS */;
			targetProxy = AB4DF1462C9FAE07009F3F0C /* PBXContainerItemProxy */;
		};
/* End PBXTargetDependency section */

/* Begin XCBuildConfiguration section */
		AB4DF14D2C9FAE07009F3F0C /* Debug */ = {
			isa = XCBuildConfiguration;
			buildSettings = {
				ALWAYS_SEARCH_USER_PATHS = NO;
				ASSETCATALOG_COMPILER_GENERATE_SWIFT_ASSET_SYMBOL_EXTENSIONS = YES;
				CLANG_ANALYZER_NONNULL = YES;
				CLANG_ANALYZER_NUMBER_OBJECT_CONVERSION = YES_AGGRESSIVE;
				CLANG_CXX_LANGUAGE_STANDARD = "gnu++20";
				CLANG_ENABLE_MODULES = YES;
				CLANG_ENABLE_OBJC_ARC = YES;
				CLANG_ENABLE_OBJC_WEAK = YES;
				CLANG_WARN_BLOCK_CAPTURE_AUTORELEASING = YES;
				CLANG_WARN_BOOL_CONVERSION = YES;
				CLANG_WARN_COMMA = YES;
				CLANG_WARN_CONSTANT_CONVERSION = YES;
				CLANG_WARN_DEPRECATED_OBJC_IMPLEMENTATIONS = YES;
				CLANG_WARN_DIRECT_OBJC_ISA_USAGE = YES_ERROR;
				CLANG_WARN_DOCUMENTATION_COMMENTS = YES;
				CLANG_WARN_EMPTY_BODY = YES;
				CLANG_WARN_ENUM_CONVERSION = YES;
				CLANG_WARN_INFINITE_RECURSION = YES;
				CLANG_WARN_INT_CONVERSION = YES;
				CLANG_WARN_NON_LITERAL_NULL_CONVERSION = YES;
				CLANG_WARN_OBJC_IMPLICIT_RETAIN_SELF = YES;
				CLANG_WARN_OBJC_LITERAL_CONVERSION = YES;
				CLANG_WARN_OBJC_ROOT_CLASS = YES_ERROR;
				CLANG_WARN_QUOTED_INCLUDE_IN_FRAMEWORK_HEADER = YES;
				CLANG_WARN_RANGE_LOOP_ANALYSIS = YES;
				CLANG_WARN_STRICT_PROTOTYPES = YES;
				CLANG_WARN_SUSPICIOUS_MOVE = YES;
				CLANG_WARN_UNGUARDED_AVAILABILITY = YES_AGGRESSIVE;
				CLANG_WARN_UNREACHABLE_CODE = YES;
				CLANG_WARN__DUPLICATE_METHOD_MATCH = YES;
				COPY_PHASE_STRIP = NO;
				DEBUG_INFORMATION_FORMAT = dwarf;
				ENABLE_STRICT_OBJC_MSGSEND = YES;
				ENABLE_TESTABILITY = YES;
				ENABLE_USER_SCRIPT_SANDBOXING = YES;
				GCC_C_LANGUAGE_STANDARD = gnu17;
				GCC_DYNAMIC_NO_PIC = NO;
				GCC_NO_COMMON_BLOCKS = YES;
				GCC_OPTIMIZATION_LEVEL = 0;
				GCC_PREPROCESSOR_DEFINITIONS = (
					"DEBUG=1",
					"$(inherited)",
				);
				GCC_WARN_64_TO_32_BIT_CONVERSION = YES;
				GCC_WARN_ABOUT_RETURN_TYPE = YES_ERROR;
				GCC_WARN_UNDECLARED_SELECTOR = YES;
				GCC_WARN_UNINITIALIZED_AUTOS = YES_AGGRESSIVE;
				GCC_WARN_UNUSED_FUNCTION = YES;
				GCC_WARN_UNUSED_VARIABLE = YES;
				IPHONEOS_DEPLOYMENT_TARGET = 18.0;
				LOCALIZATION_PREFERS_STRING_CATALOGS = YES;
				MTL_ENABLE_DEBUG_INFO = INCLUDE_SOURCE;
				MTL_FAST_MATH = YES;
				ONLY_ACTIVE_ARCH = YES;
				SDKROOT = iphoneos;
				SWIFT_ACTIVE_COMPILATION_CONDITIONS = "DEBUG $(inherited)";
				SWIFT_OPTIMIZATION_LEVEL = "-Onone";
			};
			name = Debug;
		};
		AB4DF14E2C9FAE07009F3F0C /* Release */ = {
			isa = XCBuildConfiguration;
			buildSettings = {
				ALWAYS_SEARCH_USER_PATHS = NO;
				ASSETCATALOG_COMPILER_GENERATE_SWIFT_ASSET_SYMBOL_EXTENSIONS = YES;
				CLANG_ANALYZER_NONNULL = YES;
				CLANG_ANALYZER_NUMBER_OBJECT_CONVERSION = YES_AGGRESSIVE;
				CLANG_CXX_LANGUAGE_STANDARD = "gnu++20";
				CLANG_ENABLE_MODULES = YES;
				CLANG_ENABLE_OBJC_ARC = YES;
				CLANG_ENABLE_OBJC_WEAK = YES;
				CLANG_WARN_BLOCK_CAPTURE_AUTORELEASING = YES;
				CLANG_WARN_BOOL_CONVERSION = YES;
				CLANG_WARN_COMMA = YES;
				CLANG_WARN_CONSTANT_CONVERSION = YES;
				CLANG_WARN_DEPRECATED_OBJC_IMPLEMENTATIONS = YES;
				CLANG_WARN_DIRECT_OBJC_ISA_USAGE = YES_ERROR;
				CLANG_WARN_DOCUMENTATION_COMMENTS = YES;
				CLANG_WARN_EMPTY_BODY = YES;
				CLANG_WARN_ENUM_CONVERSION = YES;
				CLANG_WARN_INFINITE_RECURSION = YES;
				CLANG_WARN_INT_CONVERSION = YES;
				CLANG_WARN_NON_LITERAL_NULL_CONVERSION = YES;
				CLANG_WARN_OBJC_IMPLICIT_RETAIN_SELF = YES;
				CLANG_WARN_OBJC_LITERAL_CONVERSION = YES;
				CLANG_WARN_OBJC_ROOT_CLASS = YES_ERROR;
				CLANG_WARN_QUOTED_INCLUDE_IN_FRAMEWORK_HEADER = YES;
				CLANG_WARN_RANGE_LOOP_ANALYSIS = YES;
				CLANG_WARN_STRICT_PROTOTYPES = YES;
				CLANG_WARN_SUSPICIOUS_MOVE = YES;
				CLANG_WARN_UNGUARDED_AVAILABILITY = YES_AGGRESSIVE;
				CLANG_WARN_UNREACHABLE_CODE = YES;
				CLANG_WARN__DUPLICATE_METHOD_MATCH = YES;
				COPY_PHASE_STRIP = NO;
				DEBUG_INFORMATION_FORMAT = "dwarf-with-dsym";
				ENABLE_NS_ASSERTIONS = NO;
				ENABLE_STRICT_OBJC_MSGSEND = YES;
				ENABLE_USER_SCRIPT_SANDBOXING = YES;
				GCC_C_LANGUAGE_STANDARD = gnu17;
				GCC_NO_COMMON_BLOCKS = YES;
				GCC_WARN_64_TO_32_BIT_CONVERSION = YES;
				GCC_WARN_ABOUT_RETURN_TYPE = YES_ERROR;
				GCC_WARN_UNDECLARED_SELECTOR = YES;
				GCC_WARN_UNINITIALIZED_AUTOS = YES_AGGRESSIVE;
				GCC_WARN_UNUSED_FUNCTION = YES;
				GCC_WARN_UNUSED_VARIABLE = YES;
				IPHONEOS_DEPLOYMENT_TARGET = 18.0;
				LOCALIZATION_PREFERS_STRING_CATALOGS = YES;
				MTL_ENABLE_DEBUG_INFO = NO;
				MTL_FAST_MATH = YES;
				SDKROOT = iphoneos;
				SWIFT_COMPILATION_MODE = wholemodule;
				VALIDATE_PRODUCT = YES;
			};
			name = Release;
		};
		AB4DF1502C9FAE07009F3F0C /* Debug */ = {
			isa = XCBuildConfiguration;
			buildSettings = {
				ASSETCATALOG_COMPILER_APPICON_NAME = AppIcon;
				ASSETCATALOG_COMPILER_GLOBAL_ACCENT_COLOR_NAME = AccentColor;
				CODE_SIGN_STYLE = Automatic;
				CURRENT_PROJECT_VERSION = 1;
				DEVELOPMENT_ASSET_PATHS = "\"LifeiOS/Preview Content\"";
				ENABLE_PREVIEWS = YES;
				GENERATE_INFOPLIST_FILE = YES;
				INFOPLIST_KEY_UIApplicationSceneManifest_Generation = YES;
				INFOPLIST_KEY_UIApplicationSupportsIndirectInputEvents = YES;
				INFOPLIST_KEY_UILaunchScreen_Generation = YES;
				INFOPLIST_KEY_UISupportedInterfaceOrientations_iPad = "UIInterfaceOrientationPortrait UIInterfaceOrientationPortraitUpsideDown UIInterfaceOrientationLandscapeLeft UIInterfaceOrientationLandscapeRight";
				INFOPLIST_KEY_UISupportedInterfaceOrientations_iPhone = "UIInterfaceOrientationPortrait UIInterfaceOrientationLandscapeLeft UIInterfaceOrientationLandscapeRight";
				LD_RUNPATH_SEARCH_PATHS = (
					"$(inherited)",
					"@executable_path/Frameworks",
				);
				MARKETING_VERSION = 1.0;
				PRODUCT_BUNDLE_IDENTIFIER = davorminchorov.LifeiOS;
				PRODUCT_NAME = "$(TARGET_NAME)";
				SWIFT_EMIT_LOC_STRINGS = YES;
				SWIFT_VERSION = 5.0;
				TARGETED_DEVICE_FAMILY = "1,2";
			};
			name = Debug;
		};
		AB4DF1512C9FAE07009F3F0C /* Release */ = {
			isa = XCBuildConfiguration;
			buildSettings = {
				ASSETCATALOG_COMPILER_APPICON_NAME = AppIcon;
				ASSETCATALOG_COMPILER_GLOBAL_ACCENT_COLOR_NAME = AccentColor;
				CODE_SIGN_STYLE = Automatic;
				CURRENT_PROJECT_VERSION = 1;
				DEVELOPMENT_ASSET_PATHS = "\"LifeiOS/Preview Content\"";
				ENABLE_PREVIEWS = YES;
				GENERATE_INFOPLIST_FILE = YES;
				INFOPLIST_KEY_UIApplicationSceneManifest_Generation = YES;
				INFOPLIST_KEY_UIApplicationSupportsIndirectInputEvents = YES;
				INFOPLIST_KEY_UILaunchScreen_Generation = YES;
				INFOPLIST_KEY_UISupportedInterfaceOrientations_iPad = "UIInterfaceOrientationPortrait UIInterfaceOrientationPortraitUpsideDown UIInterfaceOrientationLandscapeLeft UIInterfaceOrientationLandscapeRight";
				INFOPLIST_KEY_UISupportedInterfaceOrientations_iPhone = "UIInterfaceOrientationPortrait UIInterfaceOrientationLandscapeLeft UIInterfaceOrientationLandscapeRight";
				LD_RUNPATH_SEARCH_PATHS = (
					"$(inherited)",
					"@executable_path/Frameworks",
				);
				MARKETING_VERSION = 1.0;
				PRODUCT_BUNDLE_IDENTIFIER = davorminchorov.LifeiOS;
				PRODUCT_NAME = "$(TARGET_NAME)";
				SWIFT_EMIT_LOC_STRINGS = YES;
				SWIFT_VERSION = 5.0;
				TARGETED_DEVICE_FAMILY = "1,2";
			};
			name = Release;
		};
		AB4DF1532C9FAE07009F3F0C /* Debug */ = {
			isa = XCBuildConfiguration;
			buildSettings = {
				BUNDLE_LOADER = "$(TEST_HOST)";
				CODE_SIGN_STYLE = Automatic;
				CURRENT_PROJECT_VERSION = 1;
				GENERATE_INFOPLIST_FILE = YES;
				IPHONEOS_DEPLOYMENT_TARGET = 18.0;
				MARKETING_VERSION = 1.0;
				PRODUCT_BUNDLE_IDENTIFIER = davorminchorov.LifeiOSTests;
				PRODUCT_NAME = "$(TARGET_NAME)";
				SWIFT_EMIT_LOC_STRINGS = NO;
				SWIFT_VERSION = 5.0;
				TARGETED_DEVICE_FAMILY = "1,2";
				TEST_HOST = "$(BUILT_PRODUCTS_DIR)/LifeiOS.app/$(BUNDLE_EXECUTABLE_FOLDER_PATH)/LifeiOS";
			};
			name = Debug;
		};
		AB4DF1542C9FAE07009F3F0C /* Release */ = {
			isa = XCBuildConfiguration;
			buildSettings = {
				BUNDLE_LOADER = "$(TEST_HOST)";
				CODE_SIGN_STYLE = Automatic;
				CURRENT_PROJECT_VERSION = 1;
				GENERATE_INFOPLIST_FILE = YES;
				IPHONEOS_DEPLOYMENT_TARGET = 18.0;
				MARKETING_VERSION = 1.0;
				PRODUCT_BUNDLE_IDENTIFIER = davorminchorov.LifeiOSTests;
				PRODUCT_NAME = "$(TARGET_NAME)";
				SWIFT_EMIT_LOC_STRINGS = NO;
				SWIFT_VERSION = 5.0;
				TARGETED_DEVICE_FAMILY = "1,2";
				TEST_HOST = "$(BUILT_PRODUCTS_DIR)/LifeiOS.app/$(BUNDLE_EXECUTABLE_FOLDER_PATH)/LifeiOS";
			};
			name = Release;
		};
		AB4DF1562C9FAE07009F3F0C /* Debug */ = {
			isa = XCBuildConfiguration;
			buildSettings = {
				CODE_SIGN_STYLE = Automatic;
				CURRENT_PROJECT_VERSION = 1;
				GENERATE_INFOPLIST_FILE = YES;
				MARKETING_VERSION = 1.0;
				PRODUCT_BUNDLE_IDENTIFIER = davorminchorov.LifeiOSUITests;
				PRODUCT_NAME = "$(TARGET_NAME)";
				SWIFT_EMIT_LOC_STRINGS = NO;
				SWIFT_VERSION = 5.0;
				TARGETED_DEVICE_FAMILY = "1,2";
				TEST_TARGET_NAME = LifeiOS;
			};
			name = Debug;
		};
		AB4DF1572C9FAE07009F3F0C /* Release */ = {
			isa = XCBuildConfiguration;
			buildSettings = {
				CODE_SIGN_STYLE = Automatic;
				CURRENT_PROJECT_VERSION = 1;
				GENERATE_INFOPLIST_FILE = YES;
				MARKETING_VERSION = 1.0;
				PRODUCT_BUNDLE_IDENTIFIER = davorminchorov.LifeiOSUITests;
				PRODUCT_NAME = "$(TARGET_NAME)";
				SWIFT_EMIT_LOC_STRINGS = NO;
				SWIFT_VERSION = 5.0;
				TARGETED_DEVICE_FAMILY = "1,2";
				TEST_TARGET_NAME = LifeiOS;
			};
			name = Release;
		};
/* End XCBuildConfiguration section */

/* Begin XCConfigurationList section */
		AB4DF1242C9FAE05009F3F0C /* Build configuration list for PBXProject "LifeiOS" */ = {
			isa = XCConfigurationList;
			buildConfigurations = (
				AB4DF14D2C9FAE07009F3F0C /* Debug */,
				AB4DF14E2C9FAE07009F3F0C /* Release */,
			);
			defaultConfigurationIsVisible = 0;
			defaultConfigurationName = Release;
		};
		AB4DF14F2C9FAE07009F3F0C /* Build configuration list for PBXNativeTarget "LifeiOS" */ = {
			isa = XCConfigurationList;
			buildConfigurations = (
				AB4DF1502C9FAE07009F3F0C /* Debug */,
				AB4DF1512C9FAE07009F3F0C /* Release */,
			);
			defaultConfigurationIsVisible = 0;
			defaultConfigurationName = Release;
		};
		AB4DF1522C9FAE07009F3F0C /* Build configuration list for PBXNativeTarget "LifeiOSTests" */ = {
			isa = XCConfigurationList;
			buildConfigurations = (
				AB4DF1532C9FAE07009F3F0C /* Debug */,
				AB4DF1542C9FAE07009F3F0C /* Release */,
			);
			defaultConfigurationIsVisible = 0;
			defaultConfigurationName = Release;
		};
		AB4DF1552C9FAE07009F3F0C /* Build configuration list for PBXNativeTarget "LifeiOSUITests" */ = {
			isa = XCConfigurationList;
			buildConfigurations = (
				AB4DF1562C9FAE07009F3F0C /* Debug */,
				AB4DF1572C9FAE07009F3F0C /* Release */,
			);
			defaultConfigurationIsVisible = 0;
			defaultConfigurationName = Release;
		};
/* End XCConfigurationList section */
	};
	rootObject = AB4DF1212C9FAE05009F3F0C /* Project object */;
}
